{
  "name": "shilling",
  "version": "0.1.0",
  "lockfileVersion": 3,
  "requires": true,
  "packages": {
    "": {
      "name": "shilling",
      "version": "0.1.0",
      "license": "AGPL-3.0-only",
      "dependencies": {
        "@cashapp/sqldelight-sqljs-worker": "^2.4.0",
        "@js-joda/core": "^6.1.0",
        "sql.js": "^1.14.2",
        "tauri-plugin-mcp": "^0.1.0",
        "ws": "^8.21.3"
      }
    },
    "node_modules/@cashapp/sqldelight-sqljs-worker": {
      "version": "2.4.0",
      "resolved": "https://registry.npmjs.org/@cashapp/sqldelight-sqljs-worker/-/sqldelight-sqljs-worker-2.4.0.tgz",
      "integrity": "sha512-IS23CECBAXKXRAXu82zOqbxiygDOwkq2Z2VkWv/OJIngpv75vbcfhBKb6LhXLqz2oCdNpmFafb1tzYAax6E9XA==",
      "license": "Apache-2.0",
      "peerDependencies": {
        "sql.js": "^1.8.0"
      }
    },
    "node_modules/@js-joda/core": {
      "version": "6.1.0",
      "resolved": "https://registry.npmjs.org/@js-joda/core/-/core-6.1.0.tgz",
      "integrity": "sha512-H8NTMRDJqad/leyv/D/A3kSOsf5/58Ydj4DJGDyaCWk9OU/zuZOLhndVffJgQjsgrn5GC0znHMHie7TfvPPG4w==",
      "license": "BSD-3-Clause"
    },
    "node_modules/@tauri-apps/api": {
      "version": "2.10.1",
      "resolved": "https://registry.npmjs.org/@tauri-apps/api/-/api-2.10.1.tgz",
      "integrity": "sha512-hKL/jWf293UDSUN09rR69hrToyIXBb8CjGaWC7gfinvnQrBVvnLr08FeFi38gxtugAVyVcTa5/FD/Xnkb1siBw==",
      "license": "Apache-2.0 OR MIT",
      "funding": {
        "type": "opencollective",
        "url": "https://opencollective.com/tauri"
      }
    },
    "node_modules/sql.js": {
      "version": "1.14.2",
      "resolved": "https://registry.npmjs.org/sql.js/-/sql.js-1.14.2.tgz",
      "integrity": "sha512-3ZGPovObMFrdw79zrUHbfdE/DLIsy8jdNdssmMSQuRAymedU6q84asPt0kgiqrdMYlPegDItiIMfmIXzZnYFcw==",
      "license": "MIT"
    },
    "node_modules/tauri-plugin-mcp": {
      "version": "0.1.0",
      "resolved": "https://registry.npmjs.org/tauri-plugin-mcp/-/tauri-plugin-mcp-0.1.0.tgz",
      "integrity": "sha512-deml377Ax032+AabqGc5wkhJygn6XtOggqTWPVNIQ8DUksFRdy2cvX1xZWF7xLG3dO0QUBt/P7CRyJ3IRNV+0w==",
      "dependencies": {
        "@tauri-apps/api": ">=2.2.0"
      }
    },
    "node_modules/ws": {
      "version": "8.21.3",
      "resolved": "https://registry.npmjs.org/ws/-/ws-8.21.3.tgz",
      "integrity": "sha512-201TZ/kPWxoPr/OKWjquZR1SWKXcvxdH+e1xrx89b3YbmzLMFCLfnaG1HFIgWzJOEWZ7MvpK++odZufgYR50Rw==",
      "license": "MIT",
      "engines": {
        "node": ">=10.0.0"
      },
      "peerDependencies": {
        "bufferutil": "^4.0.1",
        "utf-8-validate": ">=5.0.2"
      },
      "peerDependenciesMeta": {
        "bufferutil": {
          "optional": true
        },
        "utf-8-validate": {
          "optional": true
        }
      }
    }
  }
}
