<?xml version="1.0" encoding="UTF-8"?>
<!DOCTYPE plist PUBLIC "-//Apple//DTD PLIST 1.0//EN" "http://www.apple.com/DTDs/PropertyList-1.0.dtd">
<plist version="1.0">
<dict>
	<key>classes</key>
	<dict/>
	<key>objectVersion</key>
	<string>70</string>
	<key>archiveVersion</key>
	<string>1</string>
	<key>objects</key>
	<dict>
		<key>BD3B7E001122FAB905832584</key>
		<dict>
			<key>name</key>
			<string>Prepare WebRTC Framework</string>
			<key>inputPaths</key>
			<array/>
			<key>buildActionMask</key>
			<string>2147483647</string>
			<key>shellPath</key>
			<string>/bin/sh</string>
			<key>outputPaths</key>
			<array/>
			<key>isa</key>
			<string>PBXShellScriptBuildPhase</string>
			<key>runOnlyForDeploymentPostprocessing</key>
			<string>0</string>
			<key>shellScript</key>
			<string># Extract the right WebRTC.xcframework slice for the current platform
XCFW_DIR="${SRCROOT}/Frameworks/WebRTC.xcframework"
OUT_DIR="${TARGET_BUILD_DIR}/WebRTCFramework"
mkdir -p "${OUT_DIR}"

if [ "${PLATFORM_NAME}" = "iphoneos" ]; then
  SLICE_DIR="${XCFW_DIR}/ios-arm64"
elif [ "${PLATFORM_NAME}" = "iphonesimulator" ]; then
  SLICE_DIR="${XCFW_DIR}/ios-arm64_x86_64-simulator"
else
  echo "warning: Unknown platform ${PLATFORM_NAME}, skipping WebRTC framework copy"
  exit 0
fi

if [ -d "${SLICE_DIR}/WebRTC.framework" ]; then
  # Copy for linking
  rsync -av --delete "${SLICE_DIR}/WebRTC.framework" "${OUT_DIR}/"
  # Embed in app bundle for runtime
  EMBED_DIR="${TARGET_BUILD_DIR}/${FRAMEWORKS_FOLDER_PATH}"
  mkdir -p "${EMBED_DIR}"
  rsync -av --delete "${SLICE_DIR}/WebRTC.framework" "${EMBED_DIR}/"
  # Device installs require a code signature on embedded frameworks
  if [ -n "${EXPANDED_CODE_SIGN_IDENTITY}" ] &amp;&amp; [ "${EXPANDED_CODE_SIGN_IDENTITY}" != "-" ]; then
    codesign --force --sign "${EXPANDED_CODE_SIGN_IDENTITY}" --timestamp=none "${EMBED_DIR}/WebRTC.framework"
  fi
else
  echo "error: WebRTC.framework not found at ${SLICE_DIR}"
  exit 1
fi
</string>
			<key>files</key>
			<array/>
			<key>alwaysOutOfDate</key>
			<string>1</string>
		</dict>
		<key>BD3B79015119AC16CA7A3D49</key>
		<dict>
			<key>isa</key>
			<string>XCBuildConfiguration</string>
			<key>buildSettings</key>
			<dict>
				<key>DEVELOPMENT_TEAM</key>
				<string>7QN6HR273V</string>
				<key>ONLY_ACTIVE_ARCH</key>
				<string>YES</string>
				<key>CLANG_ENABLE_MODULES</key>
				<string>YES</string>
				<key>PRODUCT_MODULE_NAME</key>
				<string>app</string>
				<key>PRODUCT_BUNDLE_IDENTIFIER</key>
				<string>finance.shilling.perf</string>
				<key>ENABLE_USER_SCRIPT_SANDBOXING</key>
				<string>NO</string>
				<key>GCC_OPTIMIZATION_LEVEL</key>
				<string>0</string>
				<key>FRAMEWORK_SEARCH_PATHS</key>
				<array>
					<string>$(inherited)</string>
					<string>$(TARGET_BUILD_DIR)/AmperFrameworks</string>
					<string>$(TARGET_BUILD_DIR)/WebRTCFramework</string>
				</array>
				<key>OTHER_LDFLAGS</key>
				<array>
					<string>-lsqlite3</string>
					<string>-framework</string>
					<string>WebRTC</string>
				</array>
				<key>TARGETED_DEVICE_FAMILY</key>
				<string>1 2</string>
				<key>SWIFT_OPTIMIZATION_LEVEL</key>
				<string>-Onone</string>
				<key>ALWAYS_SEARCH_USER_PATHS</key>
				<string>NO</string>
				<key>SDKROOT</key>
				<string>iphoneos</string>
				<key>LD_RUNPATH_SEARCH_PATHS</key>
				<array>
					<string>$(inherited)</string>
					<string>@executable_path/Frameworks</string>
					<string>@loader_path/Frameworks</string>
				</array>
				<key>ENABLE_TESTABILITY</key>
				<string>YES</string>
				<key>CLANG_ENABLE_OBJC_ARC</key>
				<string>YES</string>
				<key>PRODUCT_NAME</key>
				<string>perf-ios</string>
				<key>IPHONEOS_DEPLOYMENT_TARGET</key>
				<string>18.0</string>
				<key>SWIFT_VERSION</key>
				<string>5.0</string>
				<key>AMPER_WRAPPER_PATH</key>
				<string>../../kotlin</string>
				<key>INFOPLIST_FILE</key>
				<string>src/Info.plist</string>
			</dict>
			<key>name</key>
			<string>Debug</string>
		</dict>
		<key>BD3B7C7A512B728542C0BEB6</key>
		<dict>
			<key>isa</key>
			<string>XCBuildConfiguration</string>
			<key>buildSettings</key>
			<dict/>
			<key>name</key>
			<string>Release</string>
		</dict>
		<key>BD3B76976AC4C73C010FC249</key>
		<dict>
			<key>isa</key>
			<string>PBXFrameworksBuildPhase</string>
			<key>buildActionMask</key>
			<string>2147483647</string>
			<key>files</key>
			<array/>
			<key>runOnlyForDeploymentPostprocessing</key>
			<string>0</string>
		</dict>
		<key>BD3B7B83C9DF8DCABF025B01</key>
		<dict>
			<key>isa</key>
			<string>PBXResourcesBuildPhase</string>
			<key>buildActionMask</key>
			<string>2147483647</string>
			<key>files</key>
			<array/>
			<key>runOnlyForDeploymentPostprocessing</key>
			<string>0</string>
		</dict>
		<key>BD3B7127317A7138A2494C2C</key>
		<dict>
			<key>path</key>
			<string>src</string>
			<key>isa</key>
			<string>PBXFileSystemSynchronizedRootGroup</string>
			<key>exceptions</key>
			<array>
				<string>BD3B747FCAAAEA948044D9D6</string>
			</array>
			<key>explicitFileTypes</key>
			<dict/>
			<key>sourceTree</key>
			<string>SOURCE_ROOT</string>
			<key>explicitFolders</key>
			<array/>
		</dict>
		<key>BD3B7046166126A52CF25FBF</key>
		<dict>
			<key>isa</key>
			<string>PBXSourcesBuildPhase</string>
			<key>buildActionMask</key>
			<string>2147483647</string>
			<key>files</key>
			<array/>
			<key>runOnlyForDeploymentPostprocessing</key>
			<string>0</string>
		</dict>
		<key>BD3B738C5F3272AB34E1ADA3</key>
		<dict>
			<key>path</key>
			<string>perf-ios.app</string>
			<key>isa</key>
			<string>PBXFileReference</string>
			<key>includeInIndex</key>
			<string>0</string>
			<key>explicitFileType</key>
			<string>wrapper.application</string>
			<key>sourceTree</key>
			<string>BUILT_PRODUCTS_DIR</string>
		</dict>
		<key>BD3B7D432122FAB905832584</key>
		<dict>
			<key>name</key>
			<string>Build Kotlin</string>
			<key>inputPaths</key>
			<array/>
			<key>buildActionMask</key>
			<string>2147483647</string>
			<key>shellPath</key>
			<string>/bin/sh</string>
			<key>outputPaths</key>
			<array/>
			<key>isa</key>
			<string>PBXShellScriptBuildPhase</string>
			<key>runOnlyForDeploymentPostprocessing</key>
			<string>0</string>
			<key>shellScript</key>
			<string># !KOTLIN INTEGRATION STEP!
# This script is managed by the Kotlin Toolchain, do not edit manually!
"${KOTLIN_CLI_WRAPPER_PATH}" tool xcode-integration
</string>
			<key>files</key>
			<array/>
			<key>alwaysOutOfDate</key>
			<string>1</string>
		</dict>
		<key>BD3B73928CD320510B4D5F2D</key>
		<dict>
			<key>isa</key>
			<string>PBXGroup</string>
			<key>name</key>
			<string>Products</string>
			<key>children</key>
			<array>
				<string>BD3B738C5F3272AB34E1ADA3</string>
			</array>
			<key>sourceTree</key>
			<string>&lt;group&gt;</string>
		</dict>
		<key>BD3B75CCB7F4DEFF3EEFB4CD</key>
		<dict>
			<key>isa</key>
			<string>XCBuildConfiguration</string>
			<key>buildSettings</key>
			<dict>
				<key>LD_RUNPATH_SEARCH_PATHS</key>
				<array>
					<string>$(inherited)</string>
					<string>@executable_path/Frameworks</string>
					<string>@loader_path/Frameworks</string>
				</array>
				<key>PRODUCT_NAME</key>
				<string>perf-ios</string>
				<key>AMPER_WRAPPER_PATH</key>
				<string>../../kotlin</string>
				<key>DEVELOPMENT_TEAM</key>
				<string>7QN6HR273V</string>
				<key>SDKROOT</key>
				<string>iphoneos</string>
				<key>CLANG_ENABLE_MODULES</key>
				<string>YES</string>
				<key>INFOPLIST_FILE</key>
				<string>src/Info.plist</string>
				<key>SWIFT_VERSION</key>
				<string>5.0</string>
				<key>TARGETED_DEVICE_FAMILY</key>
				<string>1 2</string>
				<key>PRODUCT_MODULE_NAME</key>
				<string>app</string>
				<key>ENABLE_USER_SCRIPT_SANDBOXING</key>
				<string>NO</string>
				<key>ALWAYS_SEARCH_USER_PATHS</key>
				<string>NO</string>
				<key>OTHER_LDFLAGS</key>
				<array>
					<string>-lsqlite3</string>
					<string>-framework</string>
					<string>WebRTC</string>
				</array>
				<key>FRAMEWORK_SEARCH_PATHS</key>
				<array>
					<string>$(inherited)</string>
					<string>$(TARGET_BUILD_DIR)/AmperFrameworks</string>
					<string>$(TARGET_BUILD_DIR)/WebRTCFramework</string>
				</array>
				<key>IPHONEOS_DEPLOYMENT_TARGET</key>
				<string>18.0</string>
				<key>CLANG_ENABLE_OBJC_ARC</key>
				<string>YES</string>
				<key>PRODUCT_BUNDLE_IDENTIFIER</key>
				<string>finance.shilling.perf</string>
			</dict>
			<key>name</key>
			<string>Release</string>
		</dict>
		<key>BD3B747FCAAAEA948044D9D6</key>
		<dict>
			<key>isa</key>
			<string>PBXFileSystemSynchronizedBuildFileExceptionSet</string>
			<key>membershipExceptions</key>
			<array>
				<string>Info.plist</string>
			</array>
			<key>target</key>
			<string>BD3B7AE7C19AE41CCD298CAA</string>
		</dict>
		<key>BD3B76C051493AC6CD837549</key>
		<dict>
			<key>isa</key>
			<string>XCConfigurationList</string>
			<key>defaultConfigurationIsVisible</key>
			<string>0</string>
			<key>defaultConfigurationName</key>
			<string>Release</string>
			<key>buildConfigurations</key>
			<array>
				<string>BD3B7228A6F238AC70D6E417</string>
				<string>BD3B7C7A512B728542C0BEB6</string>
			</array>
		</dict>
		<key>BD3B7B7BD7C24DD30E737BEF</key>
		<dict>
			<key>isa</key>
			<string>PBXGroup</string>
			<key>sourceTree</key>
			<string>&lt;group&gt;</string>
			<key>children</key>
			<array>
				<string>BD3B73928CD320510B4D5F2D</string>
				<string>BD3B7F7CD9F8EEB320F1FD75</string>
				<string>BD3B7127317A7138A2494C2C</string>
			</array>
		</dict>
		<key>BD3B790531DB80B01BAE4587</key>
		<dict>
			<key>buildConfigurationList</key>
			<string>BD3B76C051493AC6CD837549</string>
			<key>targets</key>
			<array>
				<string>BD3B7AE7C19AE41CCD298CAA</string>
			</array>
			<key>developmentRegion</key>
			<string>English</string>
			<key>knownRegions</key>
			<array>
				<string>English</string>
				<string>en</string>
			</array>
			<key>isa</key>
			<string>PBXProject</string>
			<key>compatibilityVersion</key>
			<string>Xcode 3.2</string>
			<key>productRefGroup</key>
			<string>BD3B73928CD320510B4D5F2D</string>
			<key>projectDirPath</key>
			<string></string>
			<key>attributes</key>
			<dict/>
			<key>hasScannedForEncodings</key>
			<string>0</string>
			<key>projectRoot</key>
			<string></string>
			<key>mainGroup</key>
			<string>BD3B7B7BD7C24DD30E737BEF</string>
		</dict>
		<key>BD3B773167451EDA9A08A4C0</key>
		<dict>
			<key>isa</key>
			<string>XCConfigurationList</string>
			<key>defaultConfigurationIsVisible</key>
			<string>0</string>
			<key>defaultConfigurationName</key>
			<string>Release</string>
			<key>buildConfigurations</key>
			<array>
				<string>BD3B79015119AC16CA7A3D49</string>
				<string>BD3B75CCB7F4DEFF3EEFB4CD</string>
			</array>
		</dict>
		<key>BD3B7F7CD9F8EEB320F1FD75</key>
		<dict>
			<key>path</key>
			<string>src/Info.plist</string>
			<key>isa</key>
			<string>PBXFileReference</string>
			<key>sourceTree</key>
			<string>&lt;group&gt;</string>
			<key>name</key>
			<string>Info.plist</string>
			<key>fileEncoding</key>
			<string>4</string>
			<key>lastKnownFileType</key>
			<string>text.plist.info</string>
		</dict>
		<key>BD3B7228A6F238AC70D6E417</key>
		<dict>
			<key>isa</key>
			<string>XCBuildConfiguration</string>
			<key>buildSettings</key>
			<dict/>
			<key>name</key>
			<string>Debug</string>
		</dict>
		<key>BD3B7AE7C19AE41CCD298CAA</key>
		<dict>
			<key>dependencies</key>
			<array/>
			<key>buildConfigurationList</key>
			<string>BD3B773167451EDA9A08A4C0</string>
			<key>productReference</key>
			<string>BD3B738C5F3272AB34E1ADA3</string>
			<key>productType</key>
			<string>com.apple.product-type.application</string>
			<key>productName</key>
			<string>app</string>
			<key>isa</key>
			<string>PBXNativeTarget</string>
			<key>fileSystemSynchronizedGroups</key>
			<array>
				<string>BD3B7127317A7138A2494C2C</string>
			</array>
			<key>buildPhases</key>
			<array>
				<string>BD3B7E001122FAB905832584</string>
				<string>BD3B7D432122FAB905832584</string>
				<string>BD3B7046166126A52CF25FBF</string>
				<string>BD3B76976AC4C73C010FC249</string>
				<string>BD3B7B83C9DF8DCABF025B01</string>
			</array>
			<key>name</key>
			<string>app</string>
			<key>buildRules</key>
			<array/>
		</dict>
	</dict>
	<key>rootObject</key>
	<string>BD3B790531DB80B01BAE4587</string>
</dict>
</plist>
